PODS:
  - FMDB/FTS (2.6.2):
    - FMDB/standard
  - FMDB/SQLCipher (2.6.2):
    - SQLCipher
  - FMDB/standard (2.6.2)
  - SQLCipher (3.4.1):
    - SQLCipher/standard (= 3.4.1)
  - SQLCipher/common (3.4.1)
  - SQLCipher/standard (3.4.1):
    - SQLCipher/common

DEPENDENCIES:
  - FMDB/FTS (~> 2.6.2)
  - FMDB/SQLCipher (~> 2.6.2)

SPEC CHECKSUMS:
  FMDB: 854a0341b4726e53276f2a8996f06f1b80f9259a
  SQLCipher: 43d12c0eb9c57fb438749618fc3ce0065509a559

PODFILE CHECKSUM: f36c4cf44bd3b208b16f1d4eeb9cc298956c565c

COCOAPODS: 1.1.1
