// !$*UTF8*$!
{
	archiveVersion = 1;
	classes = {
	};
	objectVersion = 46;
	objects = {

/* Begin PBXBuildFile section */
		60C816DB1F6260FE00CEC5D6 /* main.m in Sources */ = {isa = PBXBuildFile; fileRef = 60C816DA1F6260FE00CEC5D6 /* main.m */; };
		60C816DE1F6260FE00CEC5D6 /* AppDelegate.m in Sources */ = {isa = PBXBuildFile; fileRef = 60C816DD1F6260FE00CEC5D6 /* AppDelegate.m */; };
		60C816E11F6260FF00CEC5D6 /* ViewController.m in Sources */ = {isa = PBXBuildFile; fileRef = 60C816E01F6260FF00CEC5D6 /* ViewController.m */; };
		60C816E41F6260FF00CEC5D6 /* Main.storyboard in Resources */ = {isa = PBXBuildFile; fileRef = 60C816E21F6260FF00CEC5D6 /* Main.storyboard */; };
		60C816E61F6260FF00CEC5D6 /* Assets.xcassets in Resources */ = {isa = PBXBuildFile; fileRef = 60C816E51F6260FF00CEC5D6 /* Assets.xcassets */; };
		60C816E91F6260FF00CEC5D6 /* LaunchScreen.storyboard in Resources */ = {isa = PBXBuildFile; fileRef = 60C816E71F6260FF00CEC5D6 /* LaunchScreen.storyboard */; };
		60C816F41F6260FF00CEC5D6 /* PBDBServiceTests.m in Sources */ = {isa = PBXBuildFile; fileRef = 60C816F31F6260FF00CEC5D6 /* PBDBServiceTests.m */; };
		60C816FF1F6260FF00CEC5D6 /* PBDBServiceUITests.m in Sources */ = {isa = PBXBuildFile; fileRef = 60C816FE1F6260FF00CEC5D6 /* PBDBServiceUITests.m */; };
		60C817101F6263E100CEC5D6 /* PBDBService.m in Sources */ = {isa = PBXBuildFile; fileRef = 60C8170F1F6263E100CEC5D6 /* PBDBService.m */; };
		9372F1B2052AD0AC3D833BA8 /* libPods-PBDBService.a in Frameworks */ = {isa = PBXBuildFile; fileRef = E13F241821527658E3F6F69E /* libPods-PBDBService.a */; };
/* End PBXBuildFile section */

/* Begin PBXContainerItemProxy section */
		60C816F01F6260FF00CEC5D6 /* PBXContainerItemProxy */ = {
			isa = PBXContainerItemProxy;
			containerPortal = 60C816CE1F6260FE00CEC5D6 /* Project object */;
			proxyType = 1;
			remoteGlobalIDString = 60C816D51F6260FE00CEC5D6;
			remoteInfo = PBDBService;
		};
		60C816FB1F6260FF00CEC5D6 /* PBXContainerItemProxy */ = {
			isa = PBXContainerItemProxy;
			containerPortal = 60C816CE1F6260FE00CEC5D6 /* Project object */;
			proxyType = 1;
			remoteGlobalIDString = 60C816D51F6260FE00CEC5D6;
			remoteInfo = PBDBService;
		};
/* End PBXContainerItemProxy section */

/* Begin PBXFileReference section */
		60C816D61F6260FE00CEC5D6 /* PBDBService.app */ = {isa = PBXFileReference; explicitFileType = wrapper.application; includeInIndex = 0; path = PBDBService.app; sourceTree = BUILT_PRODUCTS_DIR; };
		60C816DA1F6260FE00CEC5D6 /* main.m */ = {isa = PBXFileReference; lastKnownFileType = sourcecode.c.objc; path = main.m; sourceTree = "<group>"; };
		60C816DC1F6260FE00CEC5D6 /* AppDelegate.h */ = {isa = PBXFileReference; lastKnownFileType = sourcecode.c.h; path = AppDelegate.h; sourceTree = "<group>"; };
		60C816DD1F6260FE00CEC5D6 /* AppDelegate.m */ = {isa = PBXFileReference; lastKnownFileType = sourcecode.c.objc; path = AppDelegate.m; sourceTree = "<group>"; };
		60C816DF1F6260FF00CEC5D6 /* ViewController.h */ = {isa = PBXFileReference; lastKnownFileType = sourcecode.c.h; path = ViewController.h; sourceTree = "<group>"; };
		60C816E01F6260FF00CEC5D6 /* ViewController.m */ = {isa = PBXFileReference; lastKnownFileType = sourcecode.c.objc; path = ViewController.m; sourceTree = "<group>"; };
		60C816E31F6260FF00CEC5D6 /* Base */ = {isa = PBXFileReference; lastKnownFileType = file.storyboard; name = Base; path = Base.lproj/Main.storyboard; sourceTree = "<group>"; };
		60C816E51F6260FF00CEC5D6 /* Assets.xcassets */ = {isa = PBXFileReference; lastKnownFileType = folder.assetcatalog; path = Assets.xcassets; sourceTree = "<group>"; };
		60C816E81F6260FF00CEC5D6 /* Base */ = {isa = PBXFileReference; lastKnownFileType = file.storyboard; name = Base; path = Base.lproj/LaunchScreen.storyboard; sourceTree = "<group>"; };
		60C816EA1F6260FF00CEC5D6 /* Info.plist */ = {isa = PBXFileReference; lastKnownFileType = text.plist.xml; path = Info.plist; sourceTree = "<group>"; };
		60C816EF1F6260FF00CEC5D6 /* PBDBServiceTests.xctest */ = {isa = PBXFileReference; explicitFileType = wrapper.cfbundle; includeInIndex = 0; path = PBDBServiceTests.xctest; sourceTree = BUILT_PRODUCTS_DIR; };
		60C816F31F6260FF00CEC5D6 /* PBDBServiceTests.m */ = {isa = PBXFileReference; lastKnownFileType = sourcecode.c.objc; path = PBDBServiceTests.m; sourceTree = "<group>"; };
		60C816F51F6260FF00CEC5D6 /* Info.plist */ = {isa = PBXFileReference; lastKnownFileType = text.plist.xml; path = Info.plist; sourceTree = "<group>"; };
		60C816FA1F6260FF00CEC5D6 /* PBDBServiceUITests.xctest */ = {isa = PBXFileReference; explicitFileType = wrapper.cfbundle; includeInIndex = 0; path = PBDBServiceUITests.xctest; sourceTree = BUILT_PRODUCTS_DIR; };
		60C816FE1F6260FF00CEC5D6 /* PBDBServiceUITests.m */ = {isa = PBXFileReference; lastKnownFileType = sourcecode.c.objc; path = PBDBServiceUITests.m; sourceTree = "<group>"; };
		60C817001F6260FF00CEC5D6 /* Info.plist */ = {isa = PBXFileReference; lastKnownFileType = text.plist.xml; path = Info.plist; sourceTree = "<group>"; };
		60C8170E1F6263E100CEC5D6 /* PBDBService.h */ = {isa = PBXFileReference; fileEncoding = 4; lastKnownFileType = sourcecode.c.h; path = PBDBService.h; sourceTree = "<group>"; };
		60C8170F1F6263E100CEC5D6 /* PBDBService.m */ = {isa = PBXFileReference; fileEncoding = 4; lastKnownFileType = sourcecode.c.objc; path = PBDBService.m; sourceTree = "<group>"; };
		661F190698254CFFED14C812 /* Pods-PBDBService.debug.xcconfig */ = {isa = PBXFileReference; includeInIndex = 1; lastKnownFileType = text.xcconfig; name = "Pods-PBDBService.debug.xcconfig"; path = "Pods/Target Support Files/Pods-PBDBService/Pods-PBDBService.debug.xcconfig"; sourceTree = "<group>"; };
		B202BA45F5069C4253E7D99D /* Pods-PBDBService.release.xcconfig */ = {isa = PBXFileReference; includeInIndex = 1; lastKnownFileType = text.xcconfig; name = "Pods-PBDBService.release.xcconfig"; path = "Pods/Target Support Files/Pods-PBDBService/Pods-PBDBService.release.xcconfig"; sourceTree = "<group>"; };
		E13F241821527658E3F6F69E /* libPods-PBDBService.a */ = {isa = PBXFileReference; explicitFileType = archive.ar; includeInIndex = 0; path = "libPods-PBDBService.a"; sourceTree = BUILT_PRODUCTS_DIR; };
/* End PBXFileReference section */

/* Begin PBXFrameworksBuildPhase section */
		60C816D31F6260FE00CEC5D6 /* Frameworks */ = {
			isa = PBXFrameworksBuildPhase;
			buildActionMask = 2147483647;
			files = (
				9372F1B2052AD0AC3D833BA8 /* libPods-PBDBService.a in Frameworks */,
			);
			runOnlyForDeploymentPostprocessing = 0;
		};
		60C816EC1F6260FF00CEC5D6 /* Frameworks */ = {
			isa = PBXFrameworksBuildPhase;
			buildActionMask = 2147483647;
			files = (
			);
			runOnlyForDeploymentPostprocessing = 0;
		};
		60C816F71F6260FF00CEC5D6 /* Frameworks */ = {
			isa = PBXFrameworksBuildPhase;
			buildActionMask = 2147483647;
			files = (
			);
			runOnlyForDeploymentPostprocessing = 0;
		};
/* End PBXFrameworksBuildPhase section */

/* Begin PBXGroup section */
		60C816CD1F6260FE00CEC5D6 = {
			isa = PBXGroup;
			children = (
				60C816D81F6260FE00CEC5D6 /* PBDBService */,
				60C816F21F6260FF00CEC5D6 /* PBDBServiceTests */,
				60C816FD1F6260FF00CEC5D6 /* PBDBServiceUITests */,
				60C816D71F6260FE00CEC5D6 /* Products */,
				876CF900287EDC5A6F6A24B7 /* Pods */,
				C8339CF280339D99144BF63F /* Frameworks */,
			);
			sourceTree = "<group>";
		};
		60C816D71F6260FE00CEC5D6 /* Products */ = {
			isa = PBXGroup;
			children = (
				60C816D61F6260FE00CEC5D6 /* PBDBService.app */,
				60C816EF1F6260FF00CEC5D6 /* PBDBServiceTests.xctest */,
				60C816FA1F6260FF00CEC5D6 /* PBDBServiceUITests.xctest */,
			);
			name = Products;
			sourceTree = "<group>";
		};
		60C816D81F6260FE00CEC5D6 /* PBDBService */ = {
			isa = PBXGroup;
			children = (
				60C8170C1F6263C600CEC5D6 /* Pod */,
				60C816DC1F6260FE00CEC5D6 /* AppDelegate.h */,
				60C816DD1F6260FE00CEC5D6 /* AppDelegate.m */,
				60C816DF1F6260FF00CEC5D6 /* ViewController.h */,
				60C816E01F6260FF00CEC5D6 /* ViewController.m */,
				60C816E21F6260FF00CEC5D6 /* Main.storyboard */,
				60C816E51F6260FF00CEC5D6 /* Assets.xcassets */,
				60C816E71F6260FF00CEC5D6 /* LaunchScreen.storyboard */,
				60C816EA1F6260FF00CEC5D6 /* Info.plist */,
				60C816D91F6260FE00CEC5D6 /* Supporting Files */,
			);
			path = PBDBService;
			sourceTree = "<group>";
		};
		60C816D91F6260FE00CEC5D6 /* Supporting Files */ = {
			isa = PBXGroup;
			children = (
				60C816DA1F6260FE00CEC5D6 /* main.m */,
			);
			name = "Supporting Files";
			sourceTree = "<group>";
		};
		60C816F21F6260FF00CEC5D6 /* PBDBServiceTests */ = {
			isa = PBXGroup;
			children = (
				60C816F31F6260FF00CEC5D6 /* PBDBServiceTests.m */,
				60C816F51F6260FF00CEC5D6 /* Info.plist */,
			);
			path = PBDBServiceTests;
			sourceTree = "<group>";
		};
		60C816FD1F6260FF00CEC5D6 /* PBDBServiceUITests */ = {
			isa = PBXGroup;
			children = (
				60C816FE1F6260FF00CEC5D6 /* PBDBServiceUITests.m */,
				60C817001F6260FF00CEC5D6 /* Info.plist */,
			);
			path = PBDBServiceUITests;
			sourceTree = "<group>";
		};
		60C8170C1F6263C600CEC5D6 /* Pod */ = {
			isa = PBXGroup;
			children = (
				60C8170D1F6263C600CEC5D6 /* Classes */,
			);
			path = Pod;
			sourceTree = "<group>";
		};
		60C8170D1F6263C600CEC5D6 /* Classes */ = {
			isa = PBXGroup;
			children = (
				60C8170E1F6263E100CEC5D6 /* PBDBService.h */,
				60C8170F1F6263E100CEC5D6 /* PBDBService.m */,
			);
			path = Classes;
			sourceTree = "<group>";
		};
		876CF900287EDC5A6F6A24B7 /* Pods */ = {
			isa = PBXGroup;
			children = (
				661F190698254CFFED14C812 /* Pods-PBDBService.debug.xcconfig */,
				B202BA45F5069C4253E7D99D /* Pods-PBDBService.release.xcconfig */,
			);
			name = Pods;
			sourceTree = "<group>";
		};
		C8339CF280339D99144BF63F /* Frameworks */ = {
			isa = PBXGroup;
			children = (
				E13F241821527658E3F6F69E /* libPods-PBDBService.a */,
			);
			name = Frameworks;
			sourceTree = "<group>";
		};
/* End PBXGroup section */

/* Begin PBXNativeTarget section */
		60C816D51F6260FE00CEC5D6 /* PBDBService */ = {
			isa = PBXNativeTarget;
			buildConfigurationList = 60C817031F6260FF00CEC5D6 /* Build configuration list for PBXNativeTarget "PBDBService" */;
			buildPhases = (
				9B775FFB5684B4235938DD9F /* [CP] Check Pods Manifest.lock */,
				60C816D21F6260FE00CEC5D6 /* Sources */,
				60C816D31F6260FE00CEC5D6 /* Frameworks */,
				60C816D41F6260FE00CEC5D6 /* Resources */,
				A5031F712EEF67AA4FE35482 /* [CP] Embed Pods Frameworks */,
				1EB697568D9C643FB3E7EF50 /* [CP] Copy Pods Resources */,
			);
			buildRules = (
			);
			dependencies = (
			);
			name = PBDBService;
			productName = PBDBService;
			productReference = 60C816D61F6260FE00CEC5D6 /* PBDBService.app */;
			productType = "com.apple.product-type.application";
		};
		60C816EE1F6260FF00CEC5D6 /* PBDBServiceTests */ = {
			isa = PBXNativeTarget;
			buildConfigurationList = 60C817061F6260FF00CEC5D6 /* Build configuration list for PBXNativeTarget "PBDBServiceTests" */;
			buildPhases = (
				60C816EB1F6260FF00CEC5D6 /* Sources */,
				60C816EC1F6260FF00CEC5D6 /* Frameworks */,
				60C816ED1F6260FF00CEC5D6 /* Resources */,
			);
			buildRules = (
			);
			dependencies = (
				60C816F11F6260FF00CEC5D6 /* PBXTargetDependency */,
			);
			name = PBDBServiceTests;
			productName = PBDBServiceTests;
			productReference = 60C816EF1F6260FF00CEC5D6 /* PBDBServiceTests.xctest */;
			productType = "com.apple.product-type.bundle.unit-test";
		};
		60C816F91F6260FF00CEC5D6 /* PBDBServiceUITests */ = {
			isa = PBXNativeTarget;
			buildConfigurationList = 60C817091F6260FF00CEC5D6 /* Build configuration list for PBXNativeTarget "PBDBServiceUITests" */;
			buildPhases = (
				60C816F61F6260FF00CEC5D6 /* Sources */,
				60C816F71F6260FF00CEC5D6 /* Frameworks */,
				60C816F81F6260FF00CEC5D6 /* Resources */,
			);
			buildRules = (
			);
			dependencies = (
				60C816FC1F6260FF00CEC5D6 /* PBXTargetDependency */,
			);
			name = PBDBServiceUITests;
			productName = PBDBServiceUITests;
			productReference = 60C816FA1F6260FF00CEC5D6 /* PBDBServiceUITests.xctest */;
			productType = "com.apple.product-type.bundle.ui-testing";
		};
/* End PBXNativeTarget section */

/* Begin PBXProject section */
		60C816CE1F6260FE00CEC5D6 /* Project object */ = {
			isa = PBXProject;
			attributes = {
				LastUpgradeCheck = 0830;
				ORGANIZATIONNAME = nanhujiaju;
				TargetAttributes = {
					60C816D51F6260FE00CEC5D6 = {
						CreatedOnToolsVersion = 8.3.3;
						DevelopmentTeam = M8K6A7692X;
						ProvisioningStyle = Automatic;
					};
					60C816EE1F6260FF00CEC5D6 = {
						CreatedOnToolsVersion = 8.3.3;
						DevelopmentTeam = M8K6A7692X;
						ProvisioningStyle = Automatic;
						TestTargetID = 60C816D51F6260FE00CEC5D6;
					};
					60C816F91F6260FF00CEC5D6 = {
						CreatedOnToolsVersion = 8.3.3;
						DevelopmentTeam = M8K6A7692X;
						ProvisioningStyle = Automatic;
						TestTargetID = 60C816D51F6260FE00CEC5D6;
					};
				};
			};
			buildConfigurationList = 60C816D11F6260FE00CEC5D6 /* Build configuration list for PBXProject "PBDBService" */;
			compatibilityVersion = "Xcode 3.2";
			developmentRegion = English;
			hasScannedForEncodings = 0;
			knownRegions = (
				en,
				Base,
			);
			mainGroup = 60C816CD1F6260FE00CEC5D6;
			productRefGroup = 60C816D71F6260FE00CEC5D6 /* Products */;
			projectDirPath = "";
			projectRoot = "";
			targets = (
				60C816D51F6260FE00CEC5D6 /* PBDBService */,
				60C816EE1F6260FF00CEC5D6 /* PBDBServiceTests */,
				60C816F91F6260FF00CEC5D6 /* PBDBServiceUITests */,
			);
		};
/* End PBXProject section */

/* Begin PBXResourcesBuildPhase section */
		60C816D41F6260FE00CEC5D6 /* Resources */ = {
			isa = PBXResourcesBuildPhase;
			buildActionMask = 2147483647;
			files = (
				60C816E91F6260FF00CEC5D6 /* LaunchScreen.storyboard in Resources */,
				60C816E61F6260FF00CEC5D6 /* Assets.xcassets in Resources */,
				60C816E41F6260FF00CEC5D6 /* Main.storyboard in Resources */,
			);
			runOnlyForDeploymentPostprocessing = 0;
		};
		60C816ED1F6260FF00CEC5D6 /* Resources */ = {
			isa = PBXResourcesBuildPhase;
			buildActionMask = 2147483647;
			files = (
			);
			runOnlyForDeploymentPostprocessing = 0;
		};
		60C816F81F6260FF00CEC5D6 /* Resources */ = {
			isa = PBXResourcesBuildPhase;
			buildActionMask = 2147483647;
			files = (
			);
			runOnlyForDeploymentPostprocessing = 0;
		};
/* End PBXResourcesBuildPhase section */

/* Begin PBXShellScriptBuildPhase section */
		1EB697568D9C643FB3E7EF50 /* [CP] Copy Pods Resources */ = {
			isa = PBXShellScriptBuildPhase;
			buildActionMask = 2147483647;
			files = (
			);
			inputPaths = (
			);
			name = "[CP] Copy Pods Resources";
			outputPaths = (
			);
			runOnlyForDeploymentPostprocessing = 0;
			shellPath = /bin/sh;
			shellScript = "\"${SRCROOT}/Pods/Target Support Files/Pods-PBDBService/Pods-PBDBService-resources.sh\"\n";
			showEnvVarsInLog = 0;
		};
		9B775FFB5684B4235938DD9F /* [CP] Check Pods Manifest.lock */ = {
			isa = PBXShellScriptBuildPhase;
			buildActionMask = 2147483647;
			files = (
			);
			inputPaths = (
			);
			name = "[CP] Check Pods Manifest.lock";
			outputPaths = (
			);
			runOnlyForDeploymentPostprocessing = 0;
			shellPath = /bin/sh;
			shellScript = "diff \"${PODS_ROOT}/../Podfile.lock\" \"${PODS_ROOT}/Manifest.lock\" > /dev/null\nif [ $? != 0 ] ; then\n    # print error to STDERR\n    echo \"error: The sandbox is not in sync with the Podfile.lock. Run 'pod install' or update your CocoaPods installation.\" >&2\n    exit 1\nfi\n";
			showEnvVarsInLog = 0;
		};
		A5031F712EEF67AA4FE35482 /* [CP] Embed Pods Frameworks */ = {
			isa = PBXShellScriptBuildPhase;
			buildActionMask = 2147483647;
			files = (
			);
			inputPaths = (
			);
			name = "[CP] Embed Pods Frameworks";
			outputPaths = (
			);
			runOnlyForDeploymentPostprocessing = 0;
			shellPath = /bin/sh;
			shellScript = "\"${SRCROOT}/Pods/Target Support Files/Pods-PBDBService/Pods-PBDBService-frameworks.sh\"\n";
			showEnvVarsInLog = 0;
		};
/* End PBXShellScriptBuildPhase section */

/* Begin PBXSourcesBuildPhase section */
		60C816D21F6260FE00CEC5D6 /* Sources */ = {
			isa = PBXSourcesBuildPhase;
			buildActionMask = 2147483647;
			files = (
				60C816E11F6260FF00CEC5D6 /* ViewController.m in Sources */,
				60C817101F6263E100CEC5D6 /* PBDBService.m in Sources */,
				60C816DE1F6260FE00CEC5D6 /* AppDelegate.m in Sources */,
				60C816DB1F6260FE00CEC5D6 /* main.m in Sources */,
			);
			runOnlyForDeploymentPostprocessing = 0;
		};
		60C816EB1F6260FF00CEC5D6 /* Sources */ = {
			isa = PBXSourcesBuildPhase;
			buildActionMask = 2147483647;
			files = (
				60C816F41F6260FF00CEC5D6 /* PBDBServiceTests.m in Sources */,
			);
			runOnlyForDeploymentPostprocessing = 0;
		};
		60C816F61F6260FF00CEC5D6 /* Sources */ = {
			isa = PBXSourcesBuildPhase;
			buildActionMask = 2147483647;
			files = (
				60C816FF1F6260FF00CEC5D6 /* PBDBServiceUITests.m in Sources */,
			);
			runOnlyForDeploymentPostprocessing = 0;
		};
/* End PBXSourcesBuildPhase section */

/* Begin PBXTargetDependency section */
		60C816F11F6260FF00CEC5D6 /* PBXTargetDependency */ = {
			isa = PBXTargetDependency;
			target = 60C816D51F6260FE00CEC5D6 /* PBDBService */;
			targetProxy = 60C816F01F6260FF00CEC5D6 /* PBXContainerItemProxy */;
		};
		60C816FC1F6260FF00CEC5D6 /* PBXTargetDependency */ = {
			isa = PBXTargetDependency;
			target = 60C816D51F6260FE00CEC5D6 /* PBDBService */;
			targetProxy = 60C816FB1F6260FF00CEC5D6 /* PBXContainerItemProxy */;
		};
/* End PBXTargetDependency section */

/* Begin PBXVariantGroup section */
		60C816E21F6260FF00CEC5D6 /* Main.storyboard */ = {
			isa = PBXVariantGroup;
			children = (
				60C816E31F6260FF00CEC5D6 /* Base */,
			);
			name = Main.storyboard;
			sourceTree = "<group>";
		};
		60C816E71F6260FF00CEC5D6 /* LaunchScreen.storyboard */ = {
			isa = PBXVariantGroup;
			children = (
				60C816E81F6260FF00CEC5D6 /* Base */,
			);
			name = LaunchScreen.storyboard;
			sourceTree = "<group>";
		};
/* End PBXVariantGroup section */

/* Begin XCBuildConfiguration section */
		60C817011F6260FF00CEC5D6 /* Debug */ = {
			isa = XCBuildConfiguration;
			buildSettings = {
				ALWAYS_SEARCH_USER_PATHS = NO;
				CLANG_ANALYZER_NONNULL = YES;
				CLANG_ANALYZER_NUMBER_OBJECT_CONVERSION = YES_AGGRESSIVE;
				CLANG_CXX_LANGUAGE_STANDARD = "gnu++0x";
				CLANG_CXX_LIBRARY = "libc++";
				CLANG_ENABLE_MODULES = YES;
				CLANG_ENABLE_OBJC_ARC = YES;
				CLANG_WARN_BOOL_CONVERSION = YES;
				CLANG_WARN_CONSTANT_CONVERSION = YES;
				CLANG_WARN_DIRECT_OBJC_ISA_USAGE = YES_ERROR;
				CLANG_WARN_DOCUMENTATION_COMMENTS = YES;
				CLANG_WARN_EMPTY_BODY = YES;
				CLANG_WARN_ENUM_CONVERSION = YES;
				CLANG_WARN_INFINITE_RECURSION = YES;
				CLANG_WARN_INT_CONVERSION = YES;
				CLANG_WARN_OBJC_ROOT_CLASS = YES_ERROR;
				CLANG_WARN_SUSPICIOUS_MOVE = YES;
				CLANG_WARN_UNREACHABLE_CODE = YES;
				CLANG_WARN__DUPLICATE_METHOD_MATCH = YES;
				"CODE_SIGN_IDENTITY[sdk=iphoneos*]" = "iPhone Developer";
				COPY_PHASE_STRIP = NO;
				DEBUG_INFORMATION_FORMAT = dwarf;
				ENABLE_STRICT_OBJC_MSGSEND = YES;
				ENABLE_TESTABILITY = YES;
				GCC_C_LANGUAGE_STANDARD = gnu99;
				GCC_DYNAMIC_NO_PIC = NO;
				GCC_NO_COMMON_BLOCKS = YES;
				GCC_OPTIMIZATION_LEVEL = 0;
				GCC_PREPROCESSOR_DEFINITIONS = (
					"DEBUG=1",
					"$(inherited)",
				);
				GCC_WARN_64_TO_32_BIT_CONVERSION = YES;
				GCC_WARN_ABOUT_RETURN_TYPE = YES_ERROR;
				GCC_WARN_UNDECLARED_SELECTOR = YES;
				GCC_WARN_UNINITIALIZED_AUTOS = YES_AGGRESSIVE;
				GCC_WARN_UNUSED_FUNCTION = YES;
				GCC_WARN_UNUSED_VARIABLE = YES;
				IPHONEOS_DEPLOYMENT_TARGET = 10.3;
				MTL_ENABLE_DEBUG_INFO = YES;
				ONLY_ACTIVE_ARCH = YES;
				SDKROOT = iphoneos;
				TARGETED_DEVICE_FAMILY = "1,2";
			};
			name = Debug;
		};
		60C817021F6260FF00CEC5D6 /* Release */ = {
			isa = XCBuildConfiguration;
			buildSettings = {
				ALWAYS_SEARCH_USER_PATHS = NO;
				CLANG_ANALYZER_NONNULL = YES;
				CLANG_ANALYZER_NUMBER_OBJECT_CONVERSION = YES_AGGRESSIVE;
				CLANG_CXX_LANGUAGE_STANDARD = "gnu++0x";
				CLANG_CXX_LIBRARY = "libc++";
				CLANG_ENABLE_MODULES = YES;
				CLANG_ENABLE_OBJC_ARC = YES;
				CLANG_WARN_BOOL_CONVERSION = YES;
				CLANG_WARN_CONSTANT_CONVERSION = YES;
				CLANG_WARN_DIRECT_OBJC_ISA_USAGE = YES_ERROR;
				CLANG_WARN_DOCUMENTATION_COMMENTS = YES;
				CLANG_WARN_EMPTY_BODY = YES;
				CLANG_WARN_ENUM_CONVERSION = YES;
				CLANG_WARN_INFINITE_RECURSION = YES;
				CLANG_WARN_INT_CONVERSION = YES;
				CLANG_WARN_OBJC_ROOT_CLASS = YES_ERROR;
				CLANG_WARN_SUSPICIOUS_MOVE = YES;
				CLANG_WARN_UNREACHABLE_CODE = YES;
				CLANG_WARN__DUPLICATE_METHOD_MATCH = YES;
				"CODE_SIGN_IDENTITY[sdk=iphoneos*]" = "iPhone Developer";
				COPY_PHASE_STRIP = NO;
				DEBUG_INFORMATION_FORMAT = "dwarf-with-dsym";
				ENABLE_NS_ASSERTIONS = NO;
				ENABLE_STRICT_OBJC_MSGSEND = YES;
				GCC_C_LANGUAGE_STANDARD = gnu99;
				GCC_NO_COMMON_BLOCKS = YES;
				GCC_WARN_64_TO_32_BIT_CONVERSION = YES;
				GCC_WARN_ABOUT_RETURN_TYPE = YES_ERROR;
				GCC_WARN_UNDECLARED_SELECTOR = YES;
				GCC_WARN_UNINITIALIZED_AUTOS = YES_AGGRESSIVE;
				GCC_WARN_UNUSED_FUNCTION = YES;
				GCC_WARN_UNUSED_VARIABLE = YES;
				IPHONEOS_DEPLOYMENT_TARGET = 10.3;
				MTL_ENABLE_DEBUG_INFO = NO;
				SDKROOT = iphoneos;
				TARGETED_DEVICE_FAMILY = "1,2";
				VALIDATE_PRODUCT = YES;
			};
			name = Release;
		};
		60C817041F6260FF00CEC5D6 /* Debug */ = {
			isa = XCBuildConfiguration;
			baseConfigurationReference = 661F190698254CFFED14C812 /* Pods-PBDBService.debug.xcconfig */;
			buildSettings = {
				ASSETCATALOG_COMPILER_APPICON_NAME = AppIcon;
				DEVELOPMENT_TEAM = M8K6A7692X;
				INFOPLIST_FILE = PBDBService/Info.plist;
				IPHONEOS_DEPLOYMENT_TARGET = 8.0;
				LD_RUNPATH_SEARCH_PATHS = "$(inherited) @executable_path/Frameworks";
				PRODUCT_BUNDLE_IDENTIFIER = com.nanhu.PBDBService;
				PRODUCT_NAME = "$(TARGET_NAME)";
			};
			name = Debug;
		};
		60C817051F6260FF00CEC5D6 /* Release */ = {
			isa = XCBuildConfiguration;
			baseConfigurationReference = B202BA45F5069C4253E7D99D /* Pods-PBDBService.release.xcconfig */;
			buildSettings = {
				ASSETCATALOG_COMPILER_APPICON_NAME = AppIcon;
				DEVELOPMENT_TEAM = M8K6A7692X;
				INFOPLIST_FILE = PBDBService/Info.plist;
				IPHONEOS_DEPLOYMENT_TARGET = 8.0;
				LD_RUNPATH_SEARCH_PATHS = "$(inherited) @executable_path/Frameworks";
				PRODUCT_BUNDLE_IDENTIFIER = com.nanhu.PBDBService;
				PRODUCT_NAME = "$(TARGET_NAME)";
			};
			name = Release;
		};
		60C817071F6260FF00CEC5D6 /* Debug */ = {
			isa = XCBuildConfiguration;
			buildSettings = {
				BUNDLE_LOADER = "$(TEST_HOST)";
				DEVELOPMENT_TEAM = M8K6A7692X;
				INFOPLIST_FILE = PBDBServiceTests/Info.plist;
				LD_RUNPATH_SEARCH_PATHS = "$(inherited) @executable_path/Frameworks @loader_path/Frameworks";
				PRODUCT_BUNDLE_IDENTIFIER = com.nanhu.PBDBServiceTests;
				PRODUCT_NAME = "$(TARGET_NAME)";
				TEST_HOST = "$(BUILT_PRODUCTS_DIR)/PBDBService.app/PBDBService";
			};
			name = Debug;
		};
		60C817081F6260FF00CEC5D6 /* Release */ = {
			isa = XCBuildConfiguration;
			buildSettings = {
				BUNDLE_LOADER = "$(TEST_HOST)";
				DEVELOPMENT_TEAM = M8K6A7692X;
				INFOPLIST_FILE = PBDBServiceTests/Info.plist;
				LD_RUNPATH_SEARCH_PATHS = "$(inherited) @executable_path/Frameworks @loader_path/Frameworks";
				PRODUCT_BUNDLE_IDENTIFIER = com.nanhu.PBDBServiceTests;
				PRODUCT_NAME = "$(TARGET_NAME)";
				TEST_HOST = "$(BUILT_PRODUCTS_DIR)/PBDBService.app/PBDBService";
			};
			name = Release;
		};
		60C8170A1F6260FF00CEC5D6 /* Debug */ = {
			isa = XCBuildConfiguration;
			buildSettings = {
				DEVELOPMENT_TEAM = M8K6A7692X;
				INFOPLIST_FILE = PBDBServiceUITests/Info.plist;
				LD_RUNPATH_SEARCH_PATHS = "$(inherited) @executable_path/Frameworks @loader_path/Frameworks";
				PRODUCT_BUNDLE_IDENTIFIER = com.nanhu.PBDBServiceUITests;
				PRODUCT_NAME = "$(TARGET_NAME)";
				TEST_TARGET_NAME = PBDBService;
			};
			name = Debug;
		};
		60C8170B1F6260FF00CEC5D6 /* Release */ = {
			isa = XCBuildConfiguration;
			buildSettings = {
				DEVELOPMENT_TEAM = M8K6A7692X;
				INFOPLIST_FILE = PBDBServiceUITests/Info.plist;
				LD_RUNPATH_SEARCH_PATHS = "$(inherited) @executable_path/Frameworks @loader_path/Frameworks";
				PRODUCT_BUNDLE_IDENTIFIER = com.nanhu.PBDBServiceUITests;
				PRODUCT_NAME = "$(TARGET_NAME)";
				TEST_TARGET_NAME = PBDBService;
			};
			name = Release;
		};
/* End XCBuildConfiguration section */

/* Begin XCConfigurationList section */
		60C816D11F6260FE00CEC5D6 /* Build configuration list for PBXProject "PBDBService" */ = {
			isa = XCConfigurationList;
			buildConfigurations = (
				60C817011F6260FF00CEC5D6 /* Debug */,
				60C817021F6260FF00CEC5D6 /* Release */,
			);
			defaultConfigurationIsVisible = 0;
			defaultConfigurationName = Release;
		};
		60C817031F6260FF00CEC5D6 /* Build configuration list for PBXNativeTarget "PBDBService" */ = {
			isa = XCConfigurationList;
			buildConfigurations = (
				60C817041F6260FF00CEC5D6 /* Debug */,
				60C817051F6260FF00CEC5D6 /* Release */,
			);
			defaultConfigurationIsVisible = 0;
			defaultConfigurationName = Release;
		};
		60C817061F6260FF00CEC5D6 /* Build configuration list for PBXNativeTarget "PBDBServiceTests" */ = {
			isa = XCConfigurationList;
			buildConfigurations = (
				60C817071F6260FF00CEC5D6 /* Debug */,
				60C817081F6260FF00CEC5D6 /* Release */,
			);
			defaultConfigurationIsVisible = 0;
			defaultConfigurationName = Release;
		};
		60C817091F6260FF00CEC5D6 /* Build configuration list for PBXNativeTarget "PBDBServiceUITests" */ = {
			isa = XCConfigurationList;
			buildConfigurations = (
				60C8170A1F6260FF00CEC5D6 /* Debug */,
				60C8170B1F6260FF00CEC5D6 /* Release */,
			);
			defaultConfigurationIsVisible = 0;
			defaultConfigurationName = Release;
		};
/* End XCConfigurationList section */
	};
	rootObject = 60C816CE1F6260FE00CEC5D6 /* Project object */;
}
